
Microsoft Visual Studio Solution File, Format Version 12.00
# Visual Studio Version 17
VisualStudioVersion = 17.11.35431.28
MinimumVisualStudioVersion = 10.0.40219.1
Project("{FAE04EC0-301F-11D3-BF4B-00C04F79EFBC}") = "AccountTester", "AccountTester\AccountTester.csproj", "{29955F1E-6839-4917-8E6B-75BEA5A9A09D}"
EndProject
Global
	GlobalSection(SolutionConfigurationPlatforms) = preSolution
		Debug|Any CPU = Debug|Any CPU
		Release|Any CPU = Release|Any CPU
	EndGlobalSection
	GlobalSection(ProjectConfigurationPlatforms) = postSolution
		{29955F1E-6839-4917-8E6B-75BEA5A9A09D}.Debug|Any CPU.ActiveCfg = Debug|Any CPU
		{29955F1E-6839-4917-8E6B-75BEA5A9A09D}.Debug|Any CPU.Build.0 = Debug|Any CPU
		{29955F1E-6839-4917-8E6B-75BEA5A9A09D}.Release|Any CPU.ActiveCfg = Release|Any CPU
		{29955F1E-6839-4917-8E6B-75BEA5A9A09D}.Release|Any CPU.Build.0 = Release|Any CPU
	EndGlobalSection
	GlobalSection(SolutionProperties) = preSolution
		HideSolutionNode = FALSE
	EndGlobalSection
	GlobalSection(ExtensibilityGlobals) = postSolution
		SolutionGuid = {0FEFE8CA-3242-47B7-9E8D-91A0650913FB}
	EndGlobalSection
EndGlobal
